
Microsoft Visual Studio Solution File, Format Version 12.00
# Visual Studio Version 16
VisualStudioVersion = 16.0.30503.244
MinimumVisualStudioVersion = 10.0.40219.1
Project("{FAE04EC0-301F-11D3-BF4B-00C04F79EFBC}") = "FunctionCalculator", "FunctionCalculator\FunctionCalculator.csproj", "{DD52CA47-50F5-4AE4-854B-7DA7C8B582C2}"
EndProject
Global
	GlobalSection(SolutionConfigurationPlatforms) = preSolution
		Debug|Any CPU = Debug|Any CPU
		Release|Any CPU = Release|Any CPU
	EndGlobalSection
	GlobalSection(ProjectConfigurationPlatforms) = postSolution
		{DD52CA47-50F5-4AE4-854B-7DA7C8B582C2}.Debug|Any CPU.ActiveCfg = Debug|Any CPU
		{DD52CA47-50F5-4AE4-854B-7DA7C8B582C2}.Debug|Any CPU.Build.0 = Debug|Any CPU
		{DD52CA47-50F5-4AE4-854B-7DA7C8B582C2}.Release|Any CPU.ActiveCfg = Release|Any CPU
		{DD52CA47-50F5-4AE4-854B-7DA7C8B582C2}.Release|Any CPU.Build.0 = Release|Any CPU
	EndGlobalSection
	GlobalSection(SolutionProperties) = preSolution
		HideSolutionNode = FALSE
	EndGlobalSection
	GlobalSection(ExtensibilityGlobals) = postSolution
		SolutionGuid = {E662E85C-180F-455C-B093-EDAB4FAC1557}
	EndGlobalSection
EndGlobal
